
Microsoft Visual Studio Solution File, Format Version 12.00
# Visual Studio Version 17
VisualStudioVersion = 17.0.32112.339
MinimumVisualStudioVersion = 10.0.40219.1
Project("{FAE04EC0-301F-11D3-BF4B-00C04F79EFBC}") = "Reshare_proto_0.2", "Reshare_proto_0.2\Reshare_proto_0.2.csproj", "{6A9BF101-8A68-4B95-B2C6-9BB4580DA739}"
EndProject
Global
	GlobalSection(SolutionConfigurationPlatforms) = preSolution
		Debug|Any CPU = Debug|Any CPU
		Release|Any CPU = Release|Any CPU
	EndGlobalSection
	GlobalSection(ProjectConfigurationPlatforms) = postSolution
		{6A9BF101-8A68-4B95-B2C6-9BB4580DA739}.Debug|Any CPU.ActiveCfg = Debug|Any CPU
		{6A9BF101-8A68-4B95-B2C6-9BB4580DA739}.Debug|Any CPU.Build.0 = Debug|Any CPU
		{6A9BF101-8A68-4B95-B2C6-9BB4580DA739}.Release|Any CPU.ActiveCfg = Release|Any CPU
		{6A9BF101-8A68-4B95-B2C6-9BB4580DA739}.Release|Any CPU.Build.0 = Release|Any CPU
	EndGlobalSection
	GlobalSection(SolutionProperties) = preSolution
		HideSolutionNode = FALSE
	EndGlobalSection
	GlobalSection(ExtensibilityGlobals) = postSolution
		SolutionGuid = {A5E22C6F-29AF-450F-BF82-F69EF2444A22}
	EndGlobalSection
EndGlobal
